
Microsoft Visual Studio Solution File, Format Version 12.00
# Visual Studio Version 17
VisualStudioVersion = 17.1.32210.238
MinimumVisualStudioVersion = 10.0.40219.1
Project("{FAE04EC0-301F-11D3-BF4B-00C04F79EFBC}") = "DiscordBot", "DiscordBot.csproj", "{DE8E82CB-49F2-47E9-8DF6-1860D04AEC71}"
EndProject
Global
	GlobalSection(SolutionConfigurationPlatforms) = preSolution
		Debug|Any CPU = Debug|Any CPU
		Release|Any CPU = Release|Any CPU
	EndGlobalSection
	GlobalSection(ProjectConfigurationPlatforms) = postSolution
		{DE8E82CB-49F2-47E9-8DF6-1860D04AEC71}.Debug|Any CPU.ActiveCfg = Debug|Any CPU
		{DE8E82CB-49F2-47E9-8DF6-1860D04AEC71}.Debug|Any CPU.Build.0 = Debug|Any CPU
		{DE8E82CB-49F2-47E9-8DF6-1860D04AEC71}.Release|Any CPU.ActiveCfg = Release|Any CPU
		{DE8E82CB-49F2-47E9-8DF6-1860D04AEC71}.Release|Any CPU.Build.0 = Release|Any CPU
	EndGlobalSection
	GlobalSection(SolutionProperties) = preSolution
		HideSolutionNode = FALSE
	EndGlobalSection
	GlobalSection(ExtensibilityGlobals) = postSolution
		SolutionGuid = {392D3563-D7BF-4942-9176-8B7549B79ECF}
	EndGlobalSection
EndGlobal
